{
  "projects": [
    {
      "projectId": "seaQhLVS4bbjiGvJJrRwyL",
      "version": "15.0.3",
      "dependencies": {},
      "lang": "js",
      "fileLocks": [
        {
          "assetId": "seaQhLVS4bbjiGvJJrRwyL",
          "type": "projectCss",
          "checksum": "85f7ca190f576c5a2499623973afb625"
        }
      ]
    },
    {
      "projectId": "owVdPvEphTbmsFvPUSwECY",
      "version": "latest",
      "dependencies": {
        "seaQhLVS4bbjiGvJJrRwyL": "15.0.3"
      },
      "lang": "js",
      "fileLocks": [
        {
          "type": "globalVariant",
          "assetId": "uYbqYp8q9yY0",
          "checksum": "9ea49d6fb464bf44035a246acf420210"
        },
        {
          "assetId": "owVdPvEphTbmsFvPUSwECY",
          "type": "projectCss",
          "checksum": "3d663db564ac30b88462b624e3e5bd94"
        },
        {
          "type": "renderModule",
          "assetId": "Z_wKemL1bX2Un",
          "checksum": "3ed6086e5be9d2b98ca4b1ada2406249"
        },
        {
          "type": "cssRules",
          "assetId": "Z_wKemL1bX2Un",
          "checksum": "3ed6086e5be9d2b98ca4b1ada2406249"
        },
        {
          "type": "renderModule",
          "assetId": "BaUbUZuz8l79s",
          "checksum": "ee2aecf2df2d7c677c74b4414d0390e9"
        },
        {
          "type": "cssRules",
          "assetId": "BaUbUZuz8l79s",
          "checksum": "ee2aecf2df2d7c677c74b4414d0390e9"
        },
        {
          "type": "renderModule",
          "assetId": "WnTO2axET2_0X",
          "checksum": "23b34a321ae03ebf120cd7af3ec91c99"
        },
        {
          "type": "cssRules",
          "assetId": "WnTO2axET2_0X",
          "checksum": "23b34a321ae03ebf120cd7af3ec91c99"
        },
        {
          "type": "renderModule",
          "assetId": "PDi4XCOwFc7w_",
          "checksum": "3d62cc2321138c09b3d11dcb69a3a8f8"
        },
        {
          "type": "cssRules",
          "assetId": "PDi4XCOwFc7w_",
          "checksum": "3d62cc2321138c09b3d11dcb69a3a8f8"
        },
        {
          "type": "renderModule",
          "assetId": "jkTmUNlzZfjqKf",
          "checksum": "8ea0edbd2076392d3d388583d25cdbcf"
        },
        {
          "type": "cssRules",
          "assetId": "jkTmUNlzZfjqKf",
          "checksum": "8ea0edbd2076392d3d388583d25cdbcf"
        },
        {
          "type": "renderModule",
          "assetId": "7slIBzoAypY33D",
          "checksum": "b1dbf8a46887842f2fb9e4fbf8f5161d"
        },
        {
          "type": "cssRules",
          "assetId": "7slIBzoAypY33D",
          "checksum": "b1dbf8a46887842f2fb9e4fbf8f5161d"
        },
        {
          "type": "renderModule",
          "assetId": "n1q1P7iULA40pt",
          "checksum": "219b9c8b3addc24f0f31a4df85b0cc48"
        },
        {
          "type": "cssRules",
          "assetId": "n1q1P7iULA40pt",
          "checksum": "219b9c8b3addc24f0f31a4df85b0cc48"
        },
        {
          "type": "renderModule",
          "assetId": "iOEXtVVVfRc-_M",
          "checksum": "60fd3abf004f68e2c1fc0e86d787f386"
        },
        {
          "type": "cssRules",
          "assetId": "iOEXtVVVfRc-_M",
          "checksum": "60fd3abf004f68e2c1fc0e86d787f386"
        },
        {
          "type": "renderModule",
          "assetId": "V88Dlg9S4dXgNr",
          "checksum": "ae8be56ed73040fdce5c2325db96f78d"
        },
        {
          "type": "cssRules",
          "assetId": "V88Dlg9S4dXgNr",
          "checksum": "ae8be56ed73040fdce5c2325db96f78d"
        },
        {
          "type": "renderModule",
          "assetId": "Wxr8hD3Wuh02fH",
          "checksum": "6662c54174ffb089674f17bb69596c70"
        },
        {
          "type": "cssRules",
          "assetId": "Wxr8hD3Wuh02fH",
          "checksum": "6662c54174ffb089674f17bb69596c70"
        },
        {
          "type": "renderModule",
          "assetId": "38wpV2hoT24T",
          "checksum": "80237986d06afa260a85094e06417eef"
        },
        {
          "type": "cssRules",
          "assetId": "38wpV2hoT24T",
          "checksum": "80237986d06afa260a85094e06417eef"
        },
        {
          "type": "icon",
          "assetId": "WXAAEKnCVdaaL",
          "checksum": "0b701df6ec4a42e8c41b7c7bf8ed3898"
        },
        {
          "type": "icon",
          "assetId": "cmDWL48NEwTUq",
          "checksum": "5df7577fcb264a31fa82c3d881e47ff0"
        },
        {
          "type": "icon",
          "assetId": "36AROlbTIujAY",
          "checksum": "91d470c9b2d966e8420f84a85ebdd262"
        },
        {
          "type": "icon",
          "assetId": "DG0L7aXi6dWaP",
          "checksum": "9dbb03c43d19a7dc01a471f67c0f01fe"
        },
        {
          "type": "icon",
          "assetId": "rAYv68Yiwbpab",
          "checksum": "29d9aaa2bded3fdaaa9f1faf56dbf6e1"
        },
        {
          "type": "icon",
          "assetId": "rUWzbFTfCJZJ4",
          "checksum": "54b053128348c0fe5e049ea020fd7fe3"
        },
        {
          "type": "icon",
          "assetId": "Ve1ZZGzhP4UFm",
          "checksum": "49b86b084d3d5444bb66d03c3d15bf54"
        },
        {
          "type": "icon",
          "assetId": "ZBHqOM1ZnERRc",
          "checksum": "3c8fdebca371ba727010d09bcc77cebe"
        },
        {
          "type": "icon",
          "assetId": "oY1GmiHrp50L3",
          "checksum": "b49e25d76736714dbe3c096e7fa4e47b"
        },
        {
          "type": "icon",
          "assetId": "ueUNbpfiz0itQ",
          "checksum": "38bd2c4438ba50600a2bb54c1c3c3726"
        },
        {
          "type": "icon",
          "assetId": "_W7VGDybmD9dS",
          "checksum": "51148efcaab94d2d7ea92d6320f93f58"
        },
        {
          "type": "icon",
          "assetId": "vsEK1BXj5QiQQ",
          "checksum": "ca432d3d98a93148e055bbe9b544cda6"
        },
        {
          "type": "icon",
          "assetId": "c0CQ3Fk7qloT5",
          "checksum": "d6c77744f3b033d2d336458d2b3d92f7"
        },
        {
          "type": "icon",
          "assetId": "C0kIPNyfrMK-q",
          "checksum": "c2d8c6fbf1f0119fb464b374da7f806f"
        },
        {
          "type": "icon",
          "assetId": "yF3WMrYd41Ur0",
          "checksum": "a635d80ee2b0a1341050bb662bdf794d"
        },
        {
          "type": "icon",
          "assetId": "FrPxFeCIl-K3h",
          "checksum": "9857d4b0716800d0723f3b88a56e7c65"
        },
        {
          "type": "icon",
          "assetId": "hfxlc_0zvAiAa",
          "checksum": "bd8a18116674ed33e78b6644c20f40b4"
        },
        {
          "type": "image",
          "assetId": "KcC4zZ4Ol5x-X",
          "checksum": "4c1c9f1adc40df48d45c10ae59da30ca"
        },
        {
          "type": "image",
          "assetId": "-OjSq28KmK_My",
          "checksum": "d395c8e0489ec5bd0765759127e0c594"
        },
        {
          "type": "image",
          "assetId": "1zrpYDZBrD3Dk",
          "checksum": "7dd5c653b162ef83779cc26d50d138cb"
        },
        {
          "type": "image",
          "assetId": "igNIC_OyZb5t2",
          "checksum": "1c75f2700ec1f2360ad0c3151ddf1e95"
        },
        {
          "type": "image",
          "assetId": "dDTrkKFn4EPGD",
          "checksum": "f2363b3a13c334e14ce5124b596c506c"
        },
        {
          "type": "image",
          "assetId": "2JKJyO2EA1_g7",
          "checksum": "23f54ec48b70c2597c8aeecf5d7c1740"
        },
        {
          "type": "image",
          "assetId": "oxVHIzRlUZpTi",
          "checksum": "427292402ff546d0037ecb182af69ee1"
        },
        {
          "type": "image",
          "assetId": "64YjX_BPyahM1",
          "checksum": "23cc7838689e678cb01929b130533560"
        },
        {
          "type": "image",
          "assetId": "JCQtNHQc38SlZ",
          "checksum": "2bd2fa20da85c7e1649dedf326539986"
        },
        {
          "type": "image",
          "assetId": "FuvbI3CDFIWXN",
          "checksum": "e4ff1f7b5203f6a948c8faf961ae386b"
        },
        {
          "type": "image",
          "assetId": "NFJtDLKkGve5l",
          "checksum": "4fe481e3fb91943c1182a104dad4d2f8"
        },
        {
          "type": "image",
          "assetId": "-3PqETtT53zXj",
          "checksum": "dd50dae77e3b65958bba7462ec3e022a"
        },
        {
          "type": "image",
          "assetId": "KjpgkKKnEsCiK",
          "checksum": "34494281622c430d878a78396dceabf3"
        },
        {
          "type": "image",
          "assetId": "b3LI8FJEPX8rh",
          "checksum": "426f941643f988f1c95e56bef2a9c932"
        },
        {
          "type": "image",
          "assetId": "N7Pdny-MY09IT",
          "checksum": "d77a5a49994cc46555761f926b85b62e"
        },
        {
          "type": "image",
          "assetId": "mWnVD4qFtFcQZ",
          "checksum": "5738daf75135834a4a5c7d85fb57e69f"
        },
        {
          "type": "image",
          "assetId": "ZXKm2pxmlQQZH",
          "checksum": "ffbc395de992ef5c6e36f48bd18ec7d5"
        },
        {
          "type": "image",
          "assetId": "477SIa2g1ca-Z",
          "checksum": "2c835b67af393305a70e89835534c7e1"
        },
        {
          "type": "image",
          "assetId": "rcV5xeZD0_Vqm",
          "checksum": "97ded970426a7376f793059915b95736"
        },
        {
          "type": "image",
          "assetId": "Dzsk5n31djoSO",
          "checksum": "5117110f45fa11c1110a9604ddf239b2"
        },
        {
          "type": "image",
          "assetId": "i-HJZDywcvkPj",
          "checksum": "0dda4a37eb80b4d2f72f9f475f454983"
        },
        {
          "type": "image",
          "assetId": "J2-5hKGrDLKO5",
          "checksum": "f5ab28c74f4d56b1ac01cce766f88c29"
        },
        {
          "type": "image",
          "assetId": "rT_1lSSzYdQil",
          "checksum": "487999892137d8d74d9e989f90f32751"
        },
        {
          "type": "image",
          "assetId": "PRFSVGpGrMBlz",
          "checksum": "77f9a83c4f39caaad74e6dc03b195b8a"
        },
        {
          "type": "image",
          "assetId": "nkjYhdrziCFHP",
          "checksum": "bcdf730206294d3b5152d874b102043b"
        }
      ]
    }
  ],
  "cliVersion": "0.1.157"
}
